
Microsoft Visual Studio Solution File, Format Version 12.00
# Visual Studio Version 17
VisualStudioVersion = 17.4.33110.190
MinimumVisualStudioVersion = 10.0.40219.1
Project("{FAE04EC0-301F-11D3-BF4B-00C04F79EFBC}") = "ApiBackend", "ApiBackend.csproj", "{F7A54067-10F2-41C1-96DF-00F9F85F602A}"
EndProject
Project("{FAE04EC0-301F-11D3-BF4B-00C04F79EFBC}") = "ConsoleApp2", "..\ConsoleApp2\ConsoleApp2.csproj", "{F899C30D-22DB-4181-9517-F88440788DBF}"
EndProject
Global
	GlobalSection(SolutionConfigurationPlatforms) = preSolution
		Debug|Any CPU = Debug|Any CPU
		Release|Any CPU = Release|Any CPU
	EndGlobalSection
	GlobalSection(ProjectConfigurationPlatforms) = postSolution
		{F7A54067-10F2-41C1-96DF-00F9F85F602A}.Debug|Any CPU.ActiveCfg = Debug|Any CPU
		{F7A54067-10F2-41C1-96DF-00F9F85F602A}.Debug|Any CPU.Build.0 = Debug|Any CPU
		{F7A54067-10F2-41C1-96DF-00F9F85F602A}.Release|Any CPU.ActiveCfg = Release|Any CPU
		{F7A54067-10F2-41C1-96DF-00F9F85F602A}.Release|Any CPU.Build.0 = Release|Any CPU
		{F899C30D-22DB-4181-9517-F88440788DBF}.Debug|Any CPU.ActiveCfg = Debug|Any CPU
		{F899C30D-22DB-4181-9517-F88440788DBF}.Debug|Any CPU.Build.0 = Debug|Any CPU
		{F899C30D-22DB-4181-9517-F88440788DBF}.Release|Any CPU.ActiveCfg = Release|Any CPU
		{F899C30D-22DB-4181-9517-F88440788DBF}.Release|Any CPU.Build.0 = Release|Any CPU
	EndGlobalSection
	GlobalSection(SolutionProperties) = preSolution
		HideSolutionNode = FALSE
	EndGlobalSection
	GlobalSection(ExtensibilityGlobals) = postSolution
		SolutionGuid = {9FD4FA95-D5A8-40ED-ADB8-EE0EDF92F779}
	EndGlobalSection
EndGlobal
